// !$*UTF8*$!
{
	archiveVersion = 1;
	classes = {
	};
	objectVersion = 46;
	objects = {

/* Begin PBXBuildFile section */
		B1DDCA2D1AF19FF50061464D /* main.m in Sources */ = {isa = PBXBuildFile; fileRef = B1DDCA2C1AF19FF50061464D /* main.m */; };
		B1DDCA301AF19FF50061464D /* AppDelegate.m in Sources */ = {isa = PBXBuildFile; fileRef = B1DDCA2F1AF19FF50061464D /* AppDelegate.m */; };
		B1DDCA331AF19FF50061464D /* ViewController.m in Sources */ = {isa = PBXBuildFile; fileRef = B1DDCA321AF19FF50061464D /* ViewController.m */; };
		B1DDCA361AF19FF60061464D /* Main.storyboard in Resources */ = {isa = PBXBuildFile; fileRef = B1DDCA341AF19FF60061464D /* Main.storyboard */; };
		B1DDCA381AF19FF60061464D /* Images.xcassets in Resources */ = {isa = PBXBuildFile; fileRef = B1DDCA371AF19FF60061464D /* Images.xcassets */; };
		B1DDCA3B1AF19FF60061464D /* LaunchScreen.xib in Resources */ = {isa = PBXBuildFile; fileRef = B1DDCA391AF19FF60061464D /* LaunchScreen.xib */; };
		B1DDCA471AF19FF60061464D /* FunFactsTests.m in Sources */ = {isa = PBXBuildFile; fileRef = B1DDCA461AF19FF60061464D /* FunFactsTests.m */; };
/* End PBXBuildFile section */

/* Begin PBXContainerItemProxy section */
		B1DDCA411AF19FF60061464D /* PBXContainerItemProxy */ = {
			isa = PBXContainerItemProxy;
			containerPortal = B1DDCA1F1AF19FF50061464D /* Project object */;
			proxyType = 1;
			remoteGlobalIDString = B1DDCA261AF19FF50061464D;
			remoteInfo = FunFacts;
		};
/* End PBXContainerItemProxy section */

/* Begin PBXFileReference section */
		B1DDCA271AF19FF50061464D /* FunFacts.app */ = {isa = PBXFileReference; explicitFileType = wrapper.application; includeInIndex = 0; path = FunFacts.app; sourceTree = BUILT_PRODUCTS_DIR; };
		B1DDCA2B1AF19FF50061464D /* Info.plist */ = {isa = PBXFileReference; lastKnownFileType = text.plist.xml; path = Info.plist; sourceTree = "<group>"; };
		B1DDCA2C1AF19FF50061464D /* main.m */ = {isa = PBXFileReference; lastKnownFileType = sourcecode.c.objc; path = main.m; sourceTree = "<group>"; };
		B1DDCA2E1AF19FF50061464D /* AppDelegate.h */ = {isa = PBXFileReference; lastKnownFileType = sourcecode.c.h; path = AppDelegate.h; sourceTree = "<group>"; };
		B1DDCA2F1AF19FF50061464D /* AppDelegate.m */ = {isa = PBXFileReference; lastKnownFileType = sourcecode.c.objc; path = AppDelegate.m; sourceTree = "<group>"; };
		B1DDCA311AF19FF50061464D /* ViewController.h */ = {isa = PBXFileReference; lastKnownFileType = sourcecode.c.h; path = ViewController.h; sourceTree = "<group>"; };
		B1DDCA321AF19FF50061464D /* ViewController.m */ = {isa = PBXFileReference; lastKnownFileType = sourcecode.c.objc; path = ViewController.m; sourceTree = "<group>"; };
		B1DDCA351AF19FF60061464D /* Base */ = {isa = PBXFileReference; lastKnownFileType = file.storyboard; name = Base; path = Base.lproj/Main.storyboard; sourceTree = "<group>"; };
		B1DDCA371AF19FF60061464D /* Images.xcassets */ = {isa = PBXFileReference; lastKnownFileType = folder.assetcatalog; path = Images.xcassets; sourceTree = "<group>"; };
		B1DDCA3A1AF19FF60061464D /* Base */ = {isa = PBXFileReference; lastKnownFileType = file.xib; name = Base; path = Base.lproj/LaunchScreen.xib; sourceTree = "<group>"; };
		B1DDCA401AF19FF60061464D /* FunFactsTests.xctest */ = {isa = PBXFileReference; explicitFileType = wrapper.cfbundle; includeInIndex = 0; path = FunFactsTests.xctest; sourceTree = BUILT_PRODUCTS_DIR; };
		B1DDCA451AF19FF60061464D /* Info.plist */ = {isa = PBXFileReference; lastKnownFileType = text.plist.xml; path = Info.plist; sourceTree = "<group>"; };
		B1DDCA461AF19FF60061464D /* FunFactsTests.m */ = {isa = PBXFileReference; lastKnownFileType = sourcecode.c.objc; path = FunFactsTests.m; sourceTree = "<group>"; };
/* End PBXFileReference section */

/* Begin PBXFrameworksBuildPhase section */
		B1DDCA241AF19FF50061464D /* Frameworks */ = {
			isa = PBXFrameworksBuildPhase;
			buildActionMask = 2147483647;
			files = (
			);
			runOnlyForDeploymentPostprocessing = 0;
		};
		B1DDCA3D1AF19FF60061464D /* Frameworks */ = {
			isa = PBXFrameworksBuildPhase;
			buildActionMask = 2147483647;
			files = (
			);
			runOnlyForDeploymentPostprocessing = 0;
		};
/* End PBXFrameworksBuildPhase section */

/* Begin PBXGroup section */
		B1DDCA1E1AF19FF50061464D = {
			isa = PBXGroup;
			children = (
				B1DDCA291AF19FF50061464D /* FunFacts */,
				B1DDCA431AF19FF60061464D /* FunFactsTests */,
				B1DDCA281AF19FF50061464D /* Products */,
			);
			sourceTree = "<group>";
		};
		B1DDCA281AF19FF50061464D /* Products */ = {
			isa = PBXGroup;
			children = (
				B1DDCA271AF19FF50061464D /* FunFacts.app */,
				B1DDCA401AF19FF60061464D /* FunFactsTests.xctest */,
			);
			name = Products;
			sourceTree = "<group>";
		};
		B1DDCA291AF19FF50061464D /* FunFacts */ = {
			isa = PBXGroup;
			children = (
				B1DDCA2E1AF19FF50061464D /* AppDelegate.h */,
				B1DDCA2F1AF19FF50061464D /* AppDelegate.m */,
				B1DDCA311AF19FF50061464D /* ViewController.h */,
				B1DDCA321AF19FF50061464D /* ViewController.m */,
				B1DDCA341AF19FF60061464D /* Main.storyboard */,
				B1DDCA371AF19FF60061464D /* Images.xcassets */,
				B1DDCA391AF19FF60061464D /* LaunchScreen.xib */,
				B1DDCA2A1AF19FF50061464D /* Supporting Files */,
			);
			path = FunFacts;
			sourceTree = "<group>";
		};
		B1DDCA2A1AF19FF50061464D /* Supporting Files */ = {
			isa = PBXGroup;
			children = (
				B1DDCA2B1AF19FF50061464D /* Info.plist */,
				B1DDCA2C1AF19FF50061464D /* main.m */,
			);
			name = "Supporting Files";
			sourceTree = "<group>";
		};
		B1DDCA431AF19FF60061464D /* FunFactsTests */ = {
			isa = PBXGroup;
			children = (
				B1DDCA461AF19FF60061464D /* FunFactsTests.m */,
				B1DDCA441AF19FF60061464D /* Supporting Files */,
			);
			path = FunFactsTests;
			sourceTree = "<group>";
		};
		B1DDCA441AF19FF60061464D /* Supporting Files */ = {
			isa = PBXGroup;
			children = (
				B1DDCA451AF19FF60061464D /* Info.plist */,
			);
			name = "Supporting Files";
			sourceTree = "<group>";
		};
/* End PBXGroup section */

/* Begin PBXNativeTarget section */
		B1DDCA261AF19FF50061464D /* FunFacts */ = {
			isa = PBXNativeTarget;
			buildConfigurationList = B1DDCA4A1AF19FF60061464D /* Build configuration list for PBXNativeTarget "FunFacts" */;
			buildPhases = (
				B1DDCA231AF19FF50061464D /* Sources */,
				B1DDCA241AF19FF50061464D /* Frameworks */,
				B1DDCA251AF19FF50061464D /* Resources */,
			);
			buildRules = (
			);
			dependencies = (
			);
			name = FunFacts;
			productName = FunFacts;
			productReference = B1DDCA271AF19FF50061464D /* FunFacts.app */;
			productType = "com.apple.product-type.application";
		};
		B1DDCA3F1AF19FF60061464D /* FunFactsTests */ = {
			isa = PBXNativeTarget;
			buildConfigurationList = B1DDCA4D1AF19FF60061464D /* Build configuration list for PBXNativeTarget "FunFactsTests" */;
			buildPhases = (
				B1DDCA3C1AF19FF60061464D /* Sources */,
				B1DDCA3D1AF19FF60061464D /* Frameworks */,
				B1DDCA3E1AF19FF60061464D /* Resources */,
			);
			buildRules = (
			);
			dependencies = (
				B1DDCA421AF19FF60061464D /* PBXTargetDependency */,
			);
			name = FunFactsTests;
			productName = FunFactsTests;
			productReference = B1DDCA401AF19FF60061464D /* FunFactsTests.xctest */;
			productType = "com.apple.product-type.bundle.unit-test";
		};
/* End PBXNativeTarget section */

/* Begin PBXProject section */
		B1DDCA1F1AF19FF50061464D /* Project object */ = {
			isa = PBXProject;
			attributes = {
				LastUpgradeCheck = 0630;
				ORGANIZATIONNAME = "Trevor Vieweg";
				TargetAttributes = {
					B1DDCA261AF19FF50061464D = {
						CreatedOnToolsVersion = 6.3.1;
					};
					B1DDCA3F1AF19FF60061464D = {
						CreatedOnToolsVersion = 6.3.1;
						TestTargetID = B1DDCA261AF19FF50061464D;
					};
				};
			};
			buildConfigurationList = B1DDCA221AF19FF50061464D /* Build configuration list for PBXProject "FunFacts" */;
			compatibilityVersion = "Xcode 3.2";
			developmentRegion = English;
			hasScannedForEncodings = 0;
			knownRegions = (
				en,
				Base,
			);
			mainGroup = B1DDCA1E1AF19FF50061464D;
			productRefGroup = B1DDCA281AF19FF50061464D /* Products */;
			projectDirPath = "";
			projectRoot = "";
			targets = (
				B1DDCA261AF19FF50061464D /* FunFacts */,
				B1DDCA3F1AF19FF60061464D /* FunFactsTests */,
			);
		};
/* End PBXProject section */

/* Begin PBXResourcesBuildPhase section */
		B1DDCA251AF19FF50061464D /* Resources */ = {
			isa = PBXResourcesBuildPhase;
			buildActionMask = 2147483647;
			files = (
				B1DDCA361AF19FF60061464D /* Main.storyboard in Resources */,
				B1DDCA3B1AF19FF60061464D /* LaunchScreen.xib in Resources */,
				B1DDCA381AF19FF60061464D /* Images.xcassets in Resources */,
			);
			runOnlyForDeploymentPostprocessing = 0;
		};
		B1DDCA3E1AF19FF60061464D /* Resources */ = {
			isa = PBXResourcesBuildPhase;
			buildActionMask = 2147483647;
			files = (
			);
			runOnlyForDeploymentPostprocessing = 0;
		};
/* End PBXResourcesBuildPhase section */

/* Begin PBXSourcesBuildPhase section */
		B1DDCA231AF19FF50061464D /* Sources */ = {
			isa = PBXSourcesBuildPhase;
			buildActionMask = 2147483647;
			files = (
				B1DDCA331AF19FF50061464D /* ViewController.m in Sources */,
				B1DDCA301AF19FF50061464D /* AppDelegate.m in Sources */,
				B1DDCA2D1AF19FF50061464D /* main.m in Sources */,
			);
			runOnlyForDeploymentPostprocessing = 0;
		};
		B1DDCA3C1AF19FF60061464D /* Sources */ = {
			isa = PBXSourcesBuildPhase;
			buildActionMask = 2147483647;
			files = (
				B1DDCA471AF19FF60061464D /* FunFactsTests.m in Sources */,
			);
			runOnlyForDeploymentPostprocessing = 0;
		};
/* End PBXSourcesBuildPhase section */

/* Begin PBXTargetDependency section */
		B1DDCA421AF19FF60061464D /* PBXTargetDependency */ = {
			isa = PBXTargetDependency;
			target = B1DDCA261AF19FF50061464D /* FunFacts */;
			targetProxy = B1DDCA411AF19FF60061464D /* PBXContainerItemProxy */;
		};
/* End PBXTargetDependency section */

/* Begin PBXVariantGroup section */
		B1DDCA341AF19FF60061464D /* Main.storyboard */ = {
			isa = PBXVariantGroup;
			children = (
				B1DDCA351AF19FF60061464D /* Base */,
			);
			name = Main.storyboard;
			sourceTree = "<group>";
		};
		B1DDCA391AF19FF60061464D /* LaunchScreen.xib */ = {
			isa = PBXVariantGroup;
			children = (
				B1DDCA3A1AF19FF60061464D /* Base */,
			);
			name = LaunchScreen.xib;
			sourceTree = "<group>";
		};
/* End PBXVariantGroup section */

/* Begin XCBuildConfiguration section */
		B1DDCA481AF19FF60061464D /* Debug */ = {
			isa = XCBuildConfiguration;
			buildSettings = {
				ALWAYS_SEARCH_USER_PATHS = NO;
				CLANG_CXX_LANGUAGE_STANDARD = "gnu++0x";
				CLANG_CXX_LIBRARY = "libc++";
				CLANG_ENABLE_MODULES = YES;
				CLANG_ENABLE_OBJC_ARC = YES;
				CLANG_WARN_BOOL_CONVERSION = YES;
				CLANG_WARN_CONSTANT_CONVERSION = YES;
				CLANG_WARN_DIRECT_OBJC_ISA_USAGE = YES_ERROR;
				CLANG_WARN_EMPTY_BODY = YES;
				CLANG_WARN_ENUM_CONVERSION = YES;
				CLANG_WARN_INT_CONVERSION = YES;
				CLANG_WARN_OBJC_ROOT_CLASS = YES_ERROR;
				CLANG_WARN_UNREACHABLE_CODE = YES;
				CLANG_WARN__DUPLICATE_METHOD_MATCH = YES;
				"CODE_SIGN_IDENTITY[sdk=iphoneos*]" = "iPhone Developer";
				COPY_PHASE_STRIP = NO;
				DEBUG_INFORMATION_FORMAT = "dwarf-with-dsym";
				ENABLE_STRICT_OBJC_MSGSEND = YES;
				GCC_C_LANGUAGE_STANDARD = gnu99;
				GCC_DYNAMIC_NO_PIC = NO;
				GCC_NO_COMMON_BLOCKS = YES;
				GCC_OPTIMIZATION_LEVEL = 0;
				GCC_PREPROCESSOR_DEFINITIONS = (
					"DEBUG=1",
					"$(inherited)",
				);
				GCC_SYMBOLS_PRIVATE_EXTERN = NO;
				GCC_WARN_64_TO_32_BIT_CONVERSION = YES;
				GCC_WARN_ABOUT_RETURN_TYPE = YES_ERROR;
				GCC_WARN_UNDECLARED_SELECTOR = YES;
				GCC_WARN_UNINITIALIZED_AUTOS = YES_AGGRESSIVE;
				GCC_WARN_UNUSED_FUNCTION = YES;
				GCC_WARN_UNUSED_VARIABLE = YES;
				IPHONEOS_DEPLOYMENT_TARGET = 8.3;
				MTL_ENABLE_DEBUG_INFO = YES;
				ONLY_ACTIVE_ARCH = YES;
				SDKROOT = iphoneos;
				TARGETED_DEVICE_FAMILY = "1,2";
			};
			name = Debug;
		};
		B1DDCA491AF19FF60061464D /* Release */ = {
			isa = XCBuildConfiguration;
			buildSettings = {
				ALWAYS_SEARCH_USER_PATHS = NO;
				CLANG_CXX_LANGUAGE_STANDARD = "gnu++0x";
				CLANG_CXX_LIBRARY = "libc++";
				CLANG_ENABLE_MODULES = YES;
				CLANG_ENABLE_OBJC_ARC = YES;
				CLANG_WARN_BOOL_CONVERSION = YES;
				CLANG_WARN_CONSTANT_CONVERSION = YES;
				CLANG_WARN_DIRECT_OBJC_ISA_USAGE = YES_ERROR;
				CLANG_WARN_EMPTY_BODY = YES;
				CLANG_WARN_ENUM_CONVERSION = YES;
				CLANG_WARN_INT_CONVERSION = YES;
				CLANG_WARN_OBJC_ROOT_CLASS = YES_ERROR;
				CLANG_WARN_UNREACHABLE_CODE = YES;
				CLANG_WARN__DUPLICATE_METHOD_MATCH = YES;
				"CODE_SIGN_IDENTITY[sdk=iphoneos*]" = "iPhone Developer";
				COPY_PHASE_STRIP = NO;
				DEBUG_INFORMATION_FORMAT = "dwarf-with-dsym";
				ENABLE_NS_ASSERTIONS = NO;
				ENABLE_STRICT_OBJC_MSGSEND = YES;
				GCC_C_LANGUAGE_STANDARD = gnu99;
				GCC_NO_COMMON_BLOCKS = YES;
				GCC_WARN_64_TO_32_BIT_CONVERSION = YES;
				GCC_WARN_ABOUT_RETURN_TYPE = YES_ERROR;
				GCC_WARN_UNDECLARED_SELECTOR = YES;
				GCC_WARN_UNINITIALIZED_AUTOS = YES_AGGRESSIVE;
				GCC_WARN_UNUSED_FUNCTION = YES;
				GCC_WARN_UNUSED_VARIABLE = YES;
				IPHONEOS_DEPLOYMENT_TARGET = 8.3;
				MTL_ENABLE_DEBUG_INFO = NO;
				SDKROOT = iphoneos;
				TARGETED_DEVICE_FAMILY = "1,2";
				VALIDATE_PRODUCT = YES;
			};
			name = Release;
		};
		B1DDCA4B1AF19FF60061464D /* Debug */ = {
			isa = XCBuildConfiguration;
			buildSettings = {
				ASSETCATALOG_COMPILER_APPICON_NAME = AppIcon;
				INFOPLIST_FILE = FunFacts/Info.plist;
				LD_RUNPATH_SEARCH_PATHS = "$(inherited) @executable_path/Frameworks";
				PRODUCT_NAME = "$(TARGET_NAME)";
			};
			name = Debug;
		};
		B1DDCA4C1AF19FF60061464D /* Release */ = {
			isa = XCBuildConfiguration;
			buildSettings = {
				ASSETCATALOG_COMPILER_APPICON_NAME = AppIcon;
				INFOPLIST_FILE = FunFacts/Info.plist;
				LD_RUNPATH_SEARCH_PATHS = "$(inherited) @executable_path/Frameworks";
				PRODUCT_NAME = "$(TARGET_NAME)";
			};
			name = Release;
		};
		B1DDCA4E1AF19FF60061464D /* Debug */ = {
			isa = XCBuildConfiguration;
			buildSettings = {
				BUNDLE_LOADER = "$(TEST_HOST)";
				FRAMEWORK_SEARCH_PATHS = (
					"$(SDKROOT)/Developer/Library/Frameworks",
					"$(inherited)",
				);
				GCC_PREPROCESSOR_DEFINITIONS = (
					"DEBUG=1",
					"$(inherited)",
				);
				INFOPLIST_FILE = FunFactsTests/Info.plist;
				LD_RUNPATH_SEARCH_PATHS = "$(inherited) @executable_path/Frameworks @loader_path/Frameworks";
				PRODUCT_NAME = "$(TARGET_NAME)";
				TEST_HOST = "$(BUILT_PRODUCTS_DIR)/FunFacts.app/FunFacts";
			};
			name = Debug;
		};
		B1DDCA4F1AF19FF60061464D /* Release */ = {
			isa = XCBuildConfiguration;
			buildSettings = {
				BUNDLE_LOADER = "$(TEST_HOST)";
				FRAMEWORK_SEARCH_PATHS = (
					"$(SDKROOT)/Developer/Library/Frameworks",
					"$(inherited)",
				);
				INFOPLIST_FILE = FunFactsTests/Info.plist;
				LD_RUNPATH_SEARCH_PATHS = "$(inherited) @executable_path/Frameworks @loader_path/Frameworks";
				PRODUCT_NAME = "$(TARGET_NAME)";
				TEST_HOST = "$(BUILT_PRODUCTS_DIR)/FunFacts.app/FunFacts";
			};
			name = Release;
		};
/* End XCBuildConfiguration section */

/* Begin XCConfigurationList section */
		B1DDCA221AF19FF50061464D /* Build configuration list for PBXProject "FunFacts" */ = {
			isa = XCConfigurationList;
			buildConfigurations = (
				B1DDCA481AF19FF60061464D /* Debug */,
				B1DDCA491AF19FF60061464D /* Release */,
			);
			defaultConfigurationIsVisible = 0;
			defaultConfigurationName = Release;
		};
		B1DDCA4A1AF19FF60061464D /* Build configuration list for PBXNativeTarget "FunFacts" */ = {
			isa = XCConfigurationList;
			buildConfigurations = (
				B1DDCA4B1AF19FF60061464D /* Debug */,
				B1DDCA4C1AF19FF60061464D /* Release */,
			);
			defaultConfigurationIsVisible = 0;
		};
		B1DDCA4D1AF19FF60061464D /* Build configuration list for PBXNativeTarget "FunFactsTests" */ = {
			isa = XCConfigurationList;
			buildConfigurations = (
				B1DDCA4E1AF19FF60061464D /* Debug */,
				B1DDCA4F1AF19FF60061464D /* Release */,
			);
			defaultConfigurationIsVisible = 0;
		};
/* End XCConfigurationList section */
	};
	rootObject = B1DDCA1F1AF19FF50061464D /* Project object */;
}
